{
  "name": "ymeet-dev-control",
  "version": "1.0.0",
  "lockfileVersion": 3,
  "requires": true,
  "packages": {
    "": {
      "name": "ymeet-dev-control",
      "version": "1.0.0",
      "license": "ISC",
      "workspaces": [
        "apps/*",
        "packages/*",
        "services/*"
      ]
    },
    "apps/web": {
      "version": "1.0.0",
      "license": "ISC"
    },
    "node_modules/database": {
      "resolved": "packages/database",
      "link": true
    },
    "node_modules/orchestrator": {
      "resolved": "services/orchestrator",
      "link": true
    },
    "node_modules/shared": {
      "resolved": "packages/shared",
      "link": true
    },
    "node_modules/types": {
      "resolved": "packages/types",
      "link": true
    },
    "node_modules/web": {
      "resolved": "apps/web",
      "link": true
    },
    "packages/database": {
      "version": "1.0.0",
      "license": "ISC",
      "devDependencies": {}
    },
    "packages/shared": {
      "version": "1.0.0",
      "license": "ISC",
      "devDependencies": {}
    },
    "packages/types": {
      "version": "1.0.0",
      "license": "ISC",
      "devDependencies": {}
    },
    "services/orchestrator": {
      "version": "1.0.0",
      "license": "ISC",
      "devDependencies": {}
    }
  }
}
